// !$*UTF8*$!
{
	archiveVersion = 1;
	classes = {
	};
	objectVersion = 50;
	objects = {

/* Begin PBXBuildFile section */
		6E878247233911BE00CF3009 /* TopViewController.swift in Sources */ = {isa = PBXBuildFile; fileRef = 6E878246233911BE00CF3009 /* TopViewController.swift */; };
		6E87824C233914C700CF3009 /* ZenlyViewController.swift in Sources */ = {isa = PBXBuildFile; fileRef = 6E87824B233914C700CF3009 /* ZenlyViewController.swift */; };
		6E87824F2339172800CF3009 /* ZenlyCardView.swift in Sources */ = {isa = PBXBuildFile; fileRef = 6E87824E2339172800CF3009 /* ZenlyCardView.swift */; };
		6E964CC223390E30009B745B /* AppDelegate.swift in Sources */ = {isa = PBXBuildFile; fileRef = 6E964CC123390E30009B745B /* AppDelegate.swift */; };
		6E964CC823390E33009B745B /* Assets.xcassets in Resources */ = {isa = PBXBuildFile; fileRef = 6E964CC723390E33009B745B /* Assets.xcassets */; };
		6E964CCB23390E33009B745B /* Preview Assets.xcassets in Resources */ = {isa = PBXBuildFile; fileRef = 6E964CCA23390E33009B745B /* Preview Assets.xcassets */; };
		6E964CCE23390E33009B745B /* LaunchScreen.storyboard in Resources */ = {isa = PBXBuildFile; fileRef = 6E964CCC23390E33009B745B /* LaunchScreen.storyboard */; };
		6E964CE423390E33009B745B /* uikitUITests.swift in Sources */ = {isa = PBXBuildFile; fileRef = 6E964CE323390E33009B745B /* uikitUITests.swift */; };
/* End PBXBuildFile section */

/* Begin PBXContainerItemProxy section */
		6E964CD523390E33009B745B /* PBXContainerItemProxy */ = {
			isa = PBXContainerItemProxy;
			containerPortal = 6E964CB623390E2F009B745B /* Project object */;
			proxyType = 1;
			remoteGlobalIDString = 6E964CBD23390E2F009B745B;
			remoteInfo = uikit;
		};
		6E964CE023390E33009B745B /* PBXContainerItemProxy */ = {
			isa = PBXContainerItemProxy;
			containerPortal = 6E964CB623390E2F009B745B /* Project object */;
			proxyType = 1;
			remoteGlobalIDString = 6E964CBD23390E2F009B745B;
			remoteInfo = uikit;
		};
/* End PBXContainerItemProxy section */

/* Begin PBXFileReference section */
		6E878246233911BE00CF3009 /* TopViewController.swift */ = {isa = PBXFileReference; lastKnownFileType = sourcecode.swift; path = TopViewController.swift; sourceTree = "<group>"; };
		6E87824B233914C700CF3009 /* ZenlyViewController.swift */ = {isa = PBXFileReference; lastKnownFileType = sourcecode.swift; path = ZenlyViewController.swift; sourceTree = "<group>"; };
		6E87824E2339172800CF3009 /* ZenlyCardView.swift */ = {isa = PBXFileReference; lastKnownFileType = sourcecode.swift; path = ZenlyCardView.swift; sourceTree = "<group>"; };
		6E964CBE23390E30009B745B /* ui-kit.app */ = {isa = PBXFileReference; explicitFileType = wrapper.application; includeInIndex = 0; path = "ui-kit.app"; sourceTree = BUILT_PRODUCTS_DIR; };
		6E964CC123390E30009B745B /* AppDelegate.swift */ = {isa = PBXFileReference; lastKnownFileType = sourcecode.swift; path = AppDelegate.swift; sourceTree = "<group>"; };
		6E964CC723390E33009B745B /* Assets.xcassets */ = {isa = PBXFileReference; lastKnownFileType = folder.assetcatalog; path = Assets.xcassets; sourceTree = "<group>"; };
		6E964CCA23390E33009B745B /* Preview Assets.xcassets */ = {isa = PBXFileReference; lastKnownFileType = folder.assetcatalog; path = "Preview Assets.xcassets"; sourceTree = "<group>"; };
		6E964CCD23390E33009B745B /* Base */ = {isa = PBXFileReference; lastKnownFileType = file.storyboard; name = Base; path = Base.lproj/LaunchScreen.storyboard; sourceTree = "<group>"; };
		6E964CCF23390E33009B745B /* Info.plist */ = {isa = PBXFileReference; lastKnownFileType = text.plist.xml; path = Info.plist; sourceTree = "<group>"; };
		6E964CD423390E33009B745B /* ui-kitTests.xctest */ = {isa = PBXFileReference; explicitFileType = wrapper.cfbundle; includeInIndex = 0; path = "ui-kitTests.xctest"; sourceTree = BUILT_PRODUCTS_DIR; };
		6E964CDF23390E33009B745B /* ui-kitUITests.xctest */ = {isa = PBXFileReference; explicitFileType = wrapper.cfbundle; includeInIndex = 0; path = "ui-kitUITests.xctest"; sourceTree = BUILT_PRODUCTS_DIR; };
		6E964CE323390E33009B745B /* uikitUITests.swift */ = {isa = PBXFileReference; lastKnownFileType = sourcecode.swift; path = uikitUITests.swift; sourceTree = "<group>"; };
		6E964CE523390E33009B745B /* Info.plist */ = {isa = PBXFileReference; lastKnownFileType = text.plist.xml; path = Info.plist; sourceTree = "<group>"; };
/* End PBXFileReference section */

/* Begin PBXFrameworksBuildPhase section */
		6E964CBB23390E2F009B745B /* Frameworks */ = {
			isa = PBXFrameworksBuildPhase;
			buildActionMask = 2147483647;
			files = (
			);
			runOnlyForDeploymentPostprocessing = 0;
		};
		6E964CD123390E33009B745B /* Frameworks */ = {
			isa = PBXFrameworksBuildPhase;
			buildActionMask = 2147483647;
			files = (
			);
			runOnlyForDeploymentPostprocessing = 0;
		};
		6E964CDC23390E33009B745B /* Frameworks */ = {
			isa = PBXFrameworksBuildPhase;
			buildActionMask = 2147483647;
			files = (
			);
			runOnlyForDeploymentPostprocessing = 0;
		};
/* End PBXFrameworksBuildPhase section */

/* Begin PBXGroup section */
		6E878248233914AB00CF3009 /* Scenes */ = {
			isa = PBXGroup;
			children = (
				6E87824A233914B200CF3009 /* Zenly */,
				6E878249233914B000CF3009 /* Top */,
			);
			path = Scenes;
			sourceTree = "<group>";
		};
		6E878249233914B000CF3009 /* Top */ = {
			isa = PBXGroup;
			children = (
				6E878246233911BE00CF3009 /* TopViewController.swift */,
			);
			path = Top;
			sourceTree = "<group>";
		};
		6E87824A233914B200CF3009 /* Zenly */ = {
			isa = PBXGroup;
			children = (
				6E87824D2339171A00CF3009 /* Views */,
				6E87824B233914C700CF3009 /* ZenlyViewController.swift */,
			);
			path = Zenly;
			sourceTree = "<group>";
		};
		6E87824D2339171A00CF3009 /* Views */ = {
			isa = PBXGroup;
			children = (
				6E87824E2339172800CF3009 /* ZenlyCardView.swift */,
			);
			path = Views;
			sourceTree = "<group>";
		};
		6E964CB523390E2F009B745B = {
			isa = PBXGroup;
			children = (
				6E964CC023390E30009B745B /* ui-kit */,
				6E964CE223390E33009B745B /* ui-kitUITests */,
				6E964CBF23390E30009B745B /* Products */,
			);
			sourceTree = "<group>";
		};
		6E964CBF23390E30009B745B /* Products */ = {
			isa = PBXGroup;
			children = (
				6E964CBE23390E30009B745B /* ui-kit.app */,
				6E964CD423390E33009B745B /* ui-kitTests.xctest */,
				6E964CDF23390E33009B745B /* ui-kitUITests.xctest */,
			);
			name = Products;
			sourceTree = "<group>";
		};
		6E964CC023390E30009B745B /* ui-kit */ = {
			isa = PBXGroup;
			children = (
				6E878248233914AB00CF3009 /* Scenes */,
				6E964CC123390E30009B745B /* AppDelegate.swift */,
				6E964CC723390E33009B745B /* Assets.xcassets */,
				6E964CCC23390E33009B745B /* LaunchScreen.storyboard */,
				6E964CCF23390E33009B745B /* Info.plist */,
				6E964CC923390E33009B745B /* Preview Content */,
			);
			path = "ui-kit";
			sourceTree = "<group>";
		};
		6E964CC923390E33009B745B /* Preview Content */ = {
			isa = PBXGroup;
			children = (
				6E964CCA23390E33009B745B /* Preview Assets.xcassets */,
			);
			path = "Preview Content";
			sourceTree = "<group>";
		};
		6E964CE223390E33009B745B /* ui-kitUITests */ = {
			isa = PBXGroup;
			children = (
				6E964CE323390E33009B745B /* uikitUITests.swift */,
				6E964CE523390E33009B745B /* Info.plist */,
			);
			path = "ui-kitUITests";
			sourceTree = "<group>";
		};
/* End PBXGroup section */

/* Begin PBXNativeTarget section */
		6E964CBD23390E2F009B745B /* ui-kit */ = {
			isa = PBXNativeTarget;
			buildConfigurationList = 6E964CE823390E33009B745B /* Build configuration list for PBXNativeTarget "ui-kit" */;
			buildPhases = (
				6E964CBA23390E2F009B745B /* Sources */,
				6E964CBB23390E2F009B745B /* Frameworks */,
				6E964CBC23390E2F009B745B /* Resources */,
			);
			buildRules = (
			);
			dependencies = (
			);
			name = "ui-kit";
			productName = uikit;
			productReference = 6E964CBE23390E30009B745B /* ui-kit.app */;
			productType = "com.apple.product-type.application";
		};
		6E964CD323390E33009B745B /* ui-kitTests */ = {
			isa = PBXNativeTarget;
			buildConfigurationList = 6E964CEB23390E33009B745B /* Build configuration list for PBXNativeTarget "ui-kitTests" */;
			buildPhases = (
				6E964CD023390E33009B745B /* Sources */,
				6E964CD123390E33009B745B /* Frameworks */,
				6E964CD223390E33009B745B /* Resources */,
			);
			buildRules = (
			);
			dependencies = (
				6E964CD623390E33009B745B /* PBXTargetDependency */,
			);
			name = "ui-kitTests";
			productName = uikitTests;
			productReference = 6E964CD423390E33009B745B /* ui-kitTests.xctest */;
			productType = "com.apple.product-type.bundle.unit-test";
		};
		6E964CDE23390E33009B745B /* ui-kitUITests */ = {
			isa = PBXNativeTarget;
			buildConfigurationList = 6E964CEE23390E33009B745B /* Build configuration list for PBXNativeTarget "ui-kitUITests" */;
			buildPhases = (
				6E964CDB23390E33009B745B /* Sources */,
				6E964CDC23390E33009B745B /* Frameworks */,
				6E964CDD23390E33009B745B /* Resources */,
			);
			buildRules = (
			);
			dependencies = (
				6E964CE123390E33009B745B /* PBXTargetDependency */,
			);
			name = "ui-kitUITests";
			productName = uikitUITests;
			productReference = 6E964CDF23390E33009B745B /* ui-kitUITests.xctest */;
			productType = "com.apple.product-type.bundle.ui-testing";
		};
/* End PBXNativeTarget section */

/* Begin PBXProject section */
		6E964CB623390E2F009B745B /* Project object */ = {
			isa = PBXProject;
			attributes = {
				LastSwiftUpdateCheck = 1100;
				LastUpgradeCheck = 1100;
				ORGANIZATIONNAME = "Kazumasa Shimomura";
				TargetAttributes = {
					6E964CBD23390E2F009B745B = {
						CreatedOnToolsVersion = 11.0;
					};
					6E964CD323390E33009B745B = {
						CreatedOnToolsVersion = 11.0;
						TestTargetID = 6E964CBD23390E2F009B745B;
					};
					6E964CDE23390E33009B745B = {
						CreatedOnToolsVersion = 11.0;
						TestTargetID = 6E964CBD23390E2F009B745B;
					};
				};
			};
			buildConfigurationList = 6E964CB923390E2F009B745B /* Build configuration list for PBXProject "ui-kit" */;
			compatibilityVersion = "Xcode 9.3";
			developmentRegion = en;
			hasScannedForEncodings = 0;
			knownRegions = (
				en,
				Base,
			);
			mainGroup = 6E964CB523390E2F009B745B;
			productRefGroup = 6E964CBF23390E30009B745B /* Products */;
			projectDirPath = "";
			projectRoot = "";
			targets = (
				6E964CBD23390E2F009B745B /* ui-kit */,
				6E964CD323390E33009B745B /* ui-kitTests */,
				6E964CDE23390E33009B745B /* ui-kitUITests */,
			);
		};
/* End PBXProject section */

/* Begin PBXResourcesBuildPhase section */
		6E964CBC23390E2F009B745B /* Resources */ = {
			isa = PBXResourcesBuildPhase;
			buildActionMask = 2147483647;
			files = (
				6E964CCE23390E33009B745B /* LaunchScreen.storyboard in Resources */,
				6E964CCB23390E33009B745B /* Preview Assets.xcassets in Resources */,
				6E964CC823390E33009B745B /* Assets.xcassets in Resources */,
			);
			runOnlyForDeploymentPostprocessing = 0;
		};
		6E964CD223390E33009B745B /* Resources */ = {
			isa = PBXResourcesBuildPhase;
			buildActionMask = 2147483647;
			files = (
			);
			runOnlyForDeploymentPostprocessing = 0;
		};
		6E964CDD23390E33009B745B /* Resources */ = {
			isa = PBXResourcesBuildPhase;
			buildActionMask = 2147483647;
			files = (
			);
			runOnlyForDeploymentPostprocessing = 0;
		};
/* End PBXResourcesBuildPhase section */

/* Begin PBXSourcesBuildPhase section */
		6E964CBA23390E2F009B745B /* Sources */ = {
			isa = PBXSourcesBuildPhase;
			buildActionMask = 2147483647;
			files = (
				6E878247233911BE00CF3009 /* TopViewController.swift in Sources */,
				6E87824F2339172800CF3009 /* ZenlyCardView.swift in Sources */,
				6E964CC223390E30009B745B /* AppDelegate.swift in Sources */,
				6E87824C233914C700CF3009 /* ZenlyViewController.swift in Sources */,
			);
			runOnlyForDeploymentPostprocessing = 0;
		};
		6E964CD023390E33009B745B /* Sources */ = {
			isa = PBXSourcesBuildPhase;
			buildActionMask = 2147483647;
			files = (
			);
			runOnlyForDeploymentPostprocessing = 0;
		};
		6E964CDB23390E33009B745B /* Sources */ = {
			isa = PBXSourcesBuildPhase;
			buildActionMask = 2147483647;
			files = (
				6E964CE423390E33009B745B /* uikitUITests.swift in Sources */,
			);
			runOnlyForDeploymentPostprocessing = 0;
		};
/* End PBXSourcesBuildPhase section */

/* Begin PBXTargetDependency section */
		6E964CD623390E33009B745B /* PBXTargetDependency */ = {
			isa = PBXTargetDependency;
			target = 6E964CBD23390E2F009B745B /* ui-kit */;
			targetProxy = 6E964CD523390E33009B745B /* PBXContainerItemProxy */;
		};
		6E964CE123390E33009B745B /* PBXTargetDependency */ = {
			isa = PBXTargetDependency;
			target = 6E964CBD23390E2F009B745B /* ui-kit */;
			targetProxy = 6E964CE023390E33009B745B /* PBXContainerItemProxy */;
		};
/* End PBXTargetDependency section */

/* Begin PBXVariantGroup section */
		6E964CCC23390E33009B745B /* LaunchScreen.storyboard */ = {
			isa = PBXVariantGroup;
			children = (
				6E964CCD23390E33009B745B /* Base */,
			);
			name = LaunchScreen.storyboard;
			sourceTree = "<group>";
		};
/* End PBXVariantGroup section */

/* Begin XCBuildConfiguration section */
		6E964CE623390E33009B745B /* Debug */ = {
			isa = XCBuildConfiguration;
			buildSettings = {
				ALWAYS_SEARCH_USER_PATHS = NO;
				CLANG_ANALYZER_NONNULL = YES;
				CLANG_ANALYZER_NUMBER_OBJECT_CONVERSION = YES_AGGRESSIVE;
				CLANG_CXX_LANGUAGE_STANDARD = "gnu++14";
				CLANG_CXX_LIBRARY = "libc++";
				CLANG_ENABLE_MODULES = YES;
				CLANG_ENABLE_OBJC_ARC = YES;
				CLANG_ENABLE_OBJC_WEAK = YES;
				CLANG_WARN_BLOCK_CAPTURE_AUTORELEASING = YES;
				CLANG_WARN_BOOL_CONVERSION = YES;
				CLANG_WARN_COMMA = YES;
				CLANG_WARN_CONSTANT_CONVERSION = YES;
				CLANG_WARN_DEPRECATED_OBJC_IMPLEMENTATIONS = YES;
				CLANG_WARN_DIRECT_OBJC_ISA_USAGE = YES_ERROR;
				CLANG_WARN_DOCUMENTATION_COMMENTS = YES;
				CLANG_WARN_EMPTY_BODY = YES;
				CLANG_WARN_ENUM_CONVERSION = YES;
				CLANG_WARN_INFINITE_RECURSION = YES;
				CLANG_WARN_INT_CONVERSION = YES;
				CLANG_WARN_NON_LITERAL_NULL_CONVERSION = YES;
				CLANG_WARN_OBJC_IMPLICIT_RETAIN_SELF = YES;
				CLANG_WARN_OBJC_LITERAL_CONVERSION = YES;
				CLANG_WARN_OBJC_ROOT_CLASS = YES_ERROR;
				CLANG_WARN_RANGE_LOOP_ANALYSIS = YES;
				CLANG_WARN_STRICT_PROTOTYPES = YES;
				CLANG_WARN_SUSPICIOUS_MOVE = YES;
				CLANG_WARN_UNGUARDED_AVAILABILITY = YES_AGGRESSIVE;
				CLANG_WARN_UNREACHABLE_CODE = YES;
				CLANG_WARN__DUPLICATE_METHOD_MATCH = YES;
				COPY_PHASE_STRIP = NO;
				DEBUG_INFORMATION_FORMAT = dwarf;
				ENABLE_STRICT_OBJC_MSGSEND = YES;
				ENABLE_TESTABILITY = YES;
				GCC_C_LANGUAGE_STANDARD = gnu11;
				GCC_DYNAMIC_NO_PIC = NO;
				GCC_NO_COMMON_BLOCKS = YES;
				GCC_OPTIMIZATION_LEVEL = 0;
				GCC_PREPROCESSOR_DEFINITIONS = (
					"DEBUG=1",
					"$(inherited)",
				);
				GCC_WARN_64_TO_32_BIT_CONVERSION = YES;
				GCC_WARN_ABOUT_RETURN_TYPE = YES_ERROR;
				GCC_WARN_UNDECLARED_SELECTOR = YES;
				GCC_WARN_UNINITIALIZED_AUTOS = YES_AGGRESSIVE;
				GCC_WARN_UNUSED_FUNCTION = YES;
				GCC_WARN_UNUSED_VARIABLE = YES;
				IPHONEOS_DEPLOYMENT_TARGET = 13.0;
				MTL_ENABLE_DEBUG_INFO = INCLUDE_SOURCE;
				MTL_FAST_MATH = YES;
				ONLY_ACTIVE_ARCH = YES;
				SDKROOT = iphoneos;
				SWIFT_ACTIVE_COMPILATION_CONDITIONS = DEBUG;
				SWIFT_OPTIMIZATION_LEVEL = "-Onone";
			};
			name = Debug;
		};
		6E964CE723390E33009B745B /* Release */ = {
			isa = XCBuildConfiguration;
			buildSettings = {
				ALWAYS_SEARCH_USER_PATHS = NO;
				CLANG_ANALYZER_NONNULL = YES;
				CLANG_ANALYZER_NUMBER_OBJECT_CONVERSION = YES_AGGRESSIVE;
				CLANG_CXX_LANGUAGE_STANDARD = "gnu++14";
				CLANG_CXX_LIBRARY = "libc++";
				CLANG_ENABLE_MODULES = YES;
				CLANG_ENABLE_OBJC_ARC = YES;
				CLANG_ENABLE_OBJC_WEAK = YES;
				CLANG_WARN_BLOCK_CAPTURE_AUTORELEASING = YES;
				CLANG_WARN_BOOL_CONVERSION = YES;
				CLANG_WARN_COMMA = YES;
				CLANG_WARN_CONSTANT_CONVERSION = YES;
				CLANG_WARN_DEPRECATED_OBJC_IMPLEMENTATIONS = YES;
				CLANG_WARN_DIRECT_OBJC_ISA_USAGE = YES_ERROR;
				CLANG_WARN_DOCUMENTATION_COMMENTS = YES;
				CLANG_WARN_EMPTY_BODY = YES;
				CLANG_WARN_ENUM_CONVERSION = YES;
				CLANG_WARN_INFINITE_RECURSION = YES;
				CLANG_WARN_INT_CONVERSION = YES;
				CLANG_WARN_NON_LITERAL_NULL_CONVERSION = YES;
				CLANG_WARN_OBJC_IMPLICIT_RETAIN_SELF = YES;
				CLANG_WARN_OBJC_LITERAL_CONVERSION = YES;
				CLANG_WARN_OBJC_ROOT_CLASS = YES_ERROR;
				CLANG_WARN_RANGE_LOOP_ANALYSIS = YES;
				CLANG_WARN_STRICT_PROTOTYPES = YES;
				CLANG_WARN_SUSPICIOUS_MOVE = YES;
				CLANG_WARN_UNGUARDED_AVAILABILITY = YES_AGGRESSIVE;
				CLANG_WARN_UNREACHABLE_CODE = YES;
				CLANG_WARN__DUPLICATE_METHOD_MATCH = YES;
				COPY_PHASE_STRIP = NO;
				DEBUG_INFORMATION_FORMAT = "dwarf-with-dsym";
				ENABLE_NS_ASSERTIONS = NO;
				ENABLE_STRICT_OBJC_MSGSEND = YES;
				GCC_C_LANGUAGE_STANDARD = gnu11;
				GCC_NO_COMMON_BLOCKS = YES;
				GCC_WARN_64_TO_32_BIT_CONVERSION = YES;
				GCC_WARN_ABOUT_RETURN_TYPE = YES_ERROR;
				GCC_WARN_UNDECLARED_SELECTOR = YES;
				GCC_WARN_UNINITIALIZED_AUTOS = YES_AGGRESSIVE;
				GCC_WARN_UNUSED_FUNCTION = YES;
				GCC_WARN_UNUSED_VARIABLE = YES;
				IPHONEOS_DEPLOYMENT_TARGET = 13.0;
				MTL_ENABLE_DEBUG_INFO = NO;
				MTL_FAST_MATH = YES;
				SDKROOT = iphoneos;
				SWIFT_COMPILATION_MODE = wholemodule;
				SWIFT_OPTIMIZATION_LEVEL = "-O";
				VALIDATE_PRODUCT = YES;
			};
			name = Release;
		};
		6E964CE923390E33009B745B /* Debug */ = {
			isa = XCBuildConfiguration;
			buildSettings = {
				ASSETCATALOG_COMPILER_APPICON_NAME = AppIcon;
				CODE_SIGN_STYLE = Automatic;
				DEVELOPMENT_ASSET_PATHS = "\"ui-kit/Preview Content\"";
				DEVELOPMENT_TEAM = TKM4VSA3YF;
				ENABLE_PREVIEWS = YES;
				INFOPLIST_FILE = "ui-kit/Info.plist";
				LD_RUNPATH_SEARCH_PATHS = (
					"$(inherited)",
					"@executable_path/Frameworks",
				);
				PRODUCT_BUNDLE_IDENTIFIER = com.kazu.uikit;
				PRODUCT_NAME = "$(TARGET_NAME)";
				SWIFT_VERSION = 5.0;
				TARGETED_DEVICE_FAMILY = "1,2";
			};
			name = Debug;
		};
		6E964CEA23390E33009B745B /* Release */ = {
			isa = XCBuildConfiguration;
			buildSettings = {
				ASSETCATALOG_COMPILER_APPICON_NAME = AppIcon;
				CODE_SIGN_STYLE = Automatic;
				DEVELOPMENT_ASSET_PATHS = "\"ui-kit/Preview Content\"";
				DEVELOPMENT_TEAM = TKM4VSA3YF;
				ENABLE_PREVIEWS = YES;
				INFOPLIST_FILE = "ui-kit/Info.plist";
				LD_RUNPATH_SEARCH_PATHS = (
					"$(inherited)",
					"@executable_path/Frameworks",
				);
				PRODUCT_BUNDLE_IDENTIFIER = com.kazu.uikit;
				PRODUCT_NAME = "$(TARGET_NAME)";
				SWIFT_VERSION = 5.0;
				TARGETED_DEVICE_FAMILY = "1,2";
			};
			name = Release;
		};
		6E964CEC23390E33009B745B /* Debug */ = {
			isa = XCBuildConfiguration;
			buildSettings = {
				ALWAYS_EMBED_SWIFT_STANDARD_LIBRARIES = YES;
				BUNDLE_LOADER = "$(TEST_HOST)";
				CODE_SIGN_STYLE = Automatic;
				DEVELOPMENT_TEAM = TKM4VSA3YF;
				INFOPLIST_FILE = uikitTests/Info.plist;
				IPHONEOS_DEPLOYMENT_TARGET = 13.0;
				LD_RUNPATH_SEARCH_PATHS = (
					"$(inherited)",
					"@executable_path/Frameworks",
					"@loader_path/Frameworks",
				);
				PRODUCT_BUNDLE_IDENTIFIER = com.kazu.uikitTests;
				PRODUCT_NAME = "$(TARGET_NAME)";
				SWIFT_VERSION = 5.0;
				TARGETED_DEVICE_FAMILY = "1,2";
				TEST_HOST = "$(BUILT_PRODUCTS_DIR)/ui-kit.app/ui-kit";
			};
			name = Debug;
		};
		6E964CED23390E33009B745B /* Release */ = {
			isa = XCBuildConfiguration;
			buildSettings = {
				ALWAYS_EMBED_SWIFT_STANDARD_LIBRARIES = YES;
				BUNDLE_LOADER = "$(TEST_HOST)";
				CODE_SIGN_STYLE = Automatic;
				DEVELOPMENT_TEAM = TKM4VSA3YF;
				INFOPLIST_FILE = uikitTests/Info.plist;
				IPHONEOS_DEPLOYMENT_TARGET = 13.0;
				LD_RUNPATH_SEARCH_PATHS = (
					"$(inherited)",
					"@executable_path/Frameworks",
					"@loader_path/Frameworks",
				);
				PRODUCT_BUNDLE_IDENTIFIER = com.kazu.uikitTests;
				PRODUCT_NAME = "$(TARGET_NAME)";
				SWIFT_VERSION = 5.0;
				TARGETED_DEVICE_FAMILY = "1,2";
				TEST_HOST = "$(BUILT_PRODUCTS_DIR)/ui-kit.app/ui-kit";
			};
			name = Release;
		};
		6E964CEF23390E33009B745B /* Debug */ = {
			isa = XCBuildConfiguration;
			buildSettings = {
				ALWAYS_EMBED_SWIFT_STANDARD_LIBRARIES = YES;
				CODE_SIGN_STYLE = Automatic;
				DEVELOPMENT_TEAM = TKM4VSA3YF;
				INFOPLIST_FILE = uikitUITests/Info.plist;
				LD_RUNPATH_SEARCH_PATHS = (
					"$(inherited)",
					"@executable_path/Frameworks",
					"@loader_path/Frameworks",
				);
				PRODUCT_BUNDLE_IDENTIFIER = com.kazu.uikitUITests;
				PRODUCT_NAME = "$(TARGET_NAME)";
				SWIFT_VERSION = 5.0;
				TARGETED_DEVICE_FAMILY = "1,2";
				TEST_TARGET_NAME = uikit;
			};
			name = Debug;
		};
		6E964CF023390E33009B745B /* Release */ = {
			isa = XCBuildConfiguration;
			buildSettings = {
				ALWAYS_EMBED_SWIFT_STANDARD_LIBRARIES = YES;
				CODE_SIGN_STYLE = Automatic;
				DEVELOPMENT_TEAM = TKM4VSA3YF;
				INFOPLIST_FILE = uikitUITests/Info.plist;
				LD_RUNPATH_SEARCH_PATHS = (
					"$(inherited)",
					"@executable_path/Frameworks",
					"@loader_path/Frameworks",
				);
				PRODUCT_BUNDLE_IDENTIFIER = com.kazu.uikitUITests;
				PRODUCT_NAME = "$(TARGET_NAME)";
				SWIFT_VERSION = 5.0;
				TARGETED_DEVICE_FAMILY = "1,2";
				TEST_TARGET_NAME = uikit;
			};
			name = Release;
		};
/* End XCBuildConfiguration section */

/* Begin XCConfigurationList section */
		6E964CB923390E2F009B745B /* Build configuration list for PBXProject "ui-kit" */ = {
			isa = XCConfigurationList;
			buildConfigurations = (
				6E964CE623390E33009B745B /* Debug */,
				6E964CE723390E33009B745B /* Release */,
			);
			defaultConfigurationIsVisible = 0;
			defaultConfigurationName = Release;
		};
		6E964CE823390E33009B745B /* Build configuration list for PBXNativeTarget "ui-kit" */ = {
			isa = XCConfigurationList;
			buildConfigurations = (
				6E964CE923390E33009B745B /* Debug */,
				6E964CEA23390E33009B745B /* Release */,
			);
			defaultConfigurationIsVisible = 0;
			defaultConfigurationName = Release;
		};
		6E964CEB23390E33009B745B /* Build configuration list for PBXNativeTarget "ui-kitTests" */ = {
			isa = XCConfigurationList;
			buildConfigurations = (
				6E964CEC23390E33009B745B /* Debug */,
				6E964CED23390E33009B745B /* Release */,
			);
			defaultConfigurationIsVisible = 0;
			defaultConfigurationName = Release;
		};
		6E964CEE23390E33009B745B /* Build configuration list for PBXNativeTarget "ui-kitUITests" */ = {
			isa = XCConfigurationList;
			buildConfigurations = (
				6E964CEF23390E33009B745B /* Debug */,
				6E964CF023390E33009B745B /* Release */,
			);
			defaultConfigurationIsVisible = 0;
			defaultConfigurationName = Release;
		};
/* End XCConfigurationList section */
	};
	rootObject = 6E964CB623390E2F009B745B /* Project object */;
}
